# THIS IS AN AUTOGENERATED FILE. DO NOT EDIT THIS FILE DIRECTLY.
# yarn lockfile v1


"@babel/code-frame@^7.0.0", "@babel/code-frame@^7.8.3":
  version "7.10.4"
  resolved "https://registry.npm.taobao.org/@babel/code-frame/download/@babel/code-frame-7.10.4.tgz#168da1a36e90da68ae8d49c0f1b48c7c6249213a"
  integrity sha1-Fo2ho26Q2miujUnA8bSMfGJJITo=
  dependencies:
    "@babel/highlight" "^7.10.4"

"@babel/helper-validator-identifier@^7.10.4":
  version "7.10.4"
  resolved "https://registry.npm.taobao.org/@babel/helper-validator-identifier/download/@babel/helper-validator-identifier-7.10.4.tgz?cache=0&sync_timestamp=1593521090675&other_urls=https%3A%2F%2Fregistry.npm.taobao.org%2F%40babel%2Fhelper-validator-identifier%2Fdownload%2F%40babel%2Fhelper-validator-identifier-7.10.4.tgz#a78c7a7251e01f616512d31b10adcf52ada5e0d2"
  integrity sha1-p4x6clHgH2FlEtMbEK3PUq2l4NI=

"@babel/highlight@^7.10.4":
  version "7.10.4"
  resolved "https://registry.npm.taobao.org/@babel/highlight/download/@babel/highlight-7.10.4.tgz?cache=0&sync_timestamp=1593521118780&other_urls=https%3A%2F%2Fregistry.npm.taobao.org%2F%40babel%2Fhighlight%2Fdownload%2F%40babel%2Fhighlight-7.10.4.tgz#7d1bdfd65753538fabe6c38596cdb76d9ac60143"
  integrity sha1-fRvf1ldTU4+r5sOFls23bZrGAUM=
  dependencies:
    "@babel/helper-validator-identifier" "^7.10.4"
    chalk "^2.0.0"
    js-tokens "^4.0.0"

"@emmetio/extract-abbreviation@0.1.6":
  version "0.1.6"
  resolved "https://registry.npm.taobao.org/@emmetio/extract-abbreviation/download/@emmetio/extract-abbreviation-0.1.6.tgz#e4a9856c1057f0aff7d443b8536477c243abe28c"
  integrity sha1-5KmFbBBX8K/31EO4U2R3wkOr4ow=

"@formatjs/intl-unified-numberformat@^3.2.0":
  version "3.3.7"
  resolved "https://registry.yarnpkg.com/@formatjs/intl-unified-numberformat/-/intl-unified-numberformat-3.3.7.tgz#9995a24568908188e716d81a1de5b702b2ee00e2"
  integrity sha512-KnWgLRHzCAgT9eyt3OS34RHoyD7dPDYhRcuKn+/6Kv2knDF8Im43J6vlSW6Hm1w63fNq3ZIT1cFk7RuVO3Psag==
  dependencies:
    "@formatjs/intl-utils" "^2.3.0"

"@formatjs/intl-utils@^2.3.0":
  version "2.3.0"
  resolved "https://registry.yarnpkg.com/@formatjs/intl-utils/-/intl-utils-2.3.0.tgz#2dc8c57044de0340eb53a7ba602e59abf80dc799"
  integrity sha512-KWk80UPIzPmUg+P0rKh6TqspRw0G6eux1PuJr+zz47ftMaZ9QDwbGzHZbtzWkl5hgayM/qrKRutllRC7D/vVXQ==

"@polka/url@^1.0.0-next.9":
  version "1.0.0-next.11"
  resolved "https://registry.npm.taobao.org/@polka/url/download/@polka/url-1.0.0-next.11.tgz#aeb16f50649a91af79dbe36574b66d0f9e4d9f71"
  integrity sha1-rrFvUGSaka952+NldLZtD55Nn3E=

"@rollup/plugin-commonjs@^14.0.0":
  version "14.0.0"
  resolved "https://registry.npm.taobao.org/@rollup/plugin-commonjs/download/@rollup/plugin-commonjs-14.0.0.tgz#4285f9ec2db686a31129e5a2b415c94aa1f836f0"
  integrity sha1-QoX57C22hqMRKeWitBXJSqH4NvA=
  dependencies:
    "@rollup/pluginutils" "^3.0.8"
    commondir "^1.0.1"
    estree-walker "^1.0.1"
    glob "^7.1.2"
    is-reference "^1.1.2"
    magic-string "^0.25.2"
    resolve "^1.11.0"

"@rollup/plugin-node-resolve@^8.0.0":
  version "8.4.0"
  resolved "https://registry.npm.taobao.org/@rollup/plugin-node-resolve/download/@rollup/plugin-node-resolve-8.4.0.tgz#261d79a680e9dc3d86761c14462f24126ba83575"
  integrity sha1-Jh15poDp3D2GdhwURi8kEmuoNXU=
  dependencies:
    "@rollup/pluginutils" "^3.1.0"
    "@types/resolve" "1.17.1"
    builtin-modules "^3.1.0"
    deep-freeze "^0.0.1"
    deepmerge "^4.2.2"
    is-module "^1.0.0"
    resolve "^1.17.0"

"@rollup/plugin-typescript@^4.0.0":
  version "4.1.2"
  resolved "https://registry.npm.taobao.org/@rollup/plugin-typescript/download/@rollup/plugin-typescript-4.1.2.tgz#6f910430276ae3e53a47a12ad65820627e7b6ad9"
  integrity sha1-b5EEMCdq4+U6R6Eq1lggYn57atk=
  dependencies:
    "@rollup/pluginutils" "^3.0.1"
    resolve "^1.14.1"

"@rollup/pluginutils@^3.0.1", "@rollup/pluginutils@^3.0.8", "@rollup/pluginutils@^3.1.0":
  version "3.1.0"
  resolved "https://registry.npm.taobao.org/@rollup/pluginutils/download/@rollup/pluginutils-3.1.0.tgz?cache=0&sync_timestamp=1597325903338&other_urls=https%3A%2F%2Fregistry.npm.taobao.org%2F%40rollup%2Fpluginutils%2Fdownload%2F%40rollup%2Fpluginutils-3.1.0.tgz#706b4524ee6dc8b103b3c995533e5ad680c02b9b"
  integrity sha1-cGtFJO5tyLEDs8mVUz5a1oDAK5s=
  dependencies:
    "@types/estree" "0.0.39"
    estree-walker "^1.0.1"
    picomatch "^2.2.2"

"@tsconfig/svelte@^1.0.0":
  version "1.0.10"
  resolved "https://registry.npm.taobao.org/@tsconfig/svelte/download/@tsconfig/svelte-1.0.10.tgz#30ec7feeee0bdf38b12a50f0686f8a2e7b6b9dc0"
  integrity sha1-MOx/7u4L3zixKlDwaG+KLntrncA=

"@types/color-name@^1.1.1":
  version "1.1.1"
  resolved "https://registry.npm.taobao.org/@types/color-name/download/@types/color-name-1.1.1.tgz?cache=0&sync_timestamp=1596837707987&other_urls=https%3A%2F%2Fregistry.npm.taobao.org%2F%40types%2Fcolor-name%2Fdownload%2F%40types%2Fcolor-name-1.1.1.tgz#1c1261bbeaa10a8055bbc5d8ab84b7b2afc846a0"
  integrity sha1-HBJhu+qhCoBVu8XYq4S3sq/IRqA=

"@types/estree@*":
  version "0.0.45"
  resolved "https://registry.npm.taobao.org/@types/estree/download/@types/estree-0.0.45.tgz?cache=0&sync_timestamp=1596838578233&other_urls=https%3A%2F%2Fregistry.npm.taobao.org%2F%40types%2Festree%2Fdownload%2F%40types%2Festree-0.0.45.tgz#e9387572998e5ecdac221950dab3e8c3b16af884"
  integrity sha1-6Th1cpmOXs2sIhlQ2rPow7Fq+IQ=

"@types/estree@0.0.39":
  version "0.0.39"
  resolved "https://registry.npm.taobao.org/@types/estree/download/@types/estree-0.0.39.tgz?cache=0&sync_timestamp=1596838578233&other_urls=https%3A%2F%2Fregistry.npm.taobao.org%2F%40types%2Festree%2Fdownload%2F%40types%2Festree-0.0.39.tgz#e177e699ee1b8c22d23174caaa7422644389509f"
  integrity sha1-4Xfmme4bjCLSMXTKqnQiZEOJUJ8=

"@types/node@*":
  version "14.6.0"
  resolved "https://registry.npm.taobao.org/@types/node/download/@types/node-14.6.0.tgz?cache=0&sync_timestamp=1597673207191&other_urls=https%3A%2F%2Fregistry.npm.taobao.org%2F%40types%2Fnode%2Fdownload%2F%40types%2Fnode-14.6.0.tgz#7d4411bf5157339337d7cff864d9ff45f177b499"
  integrity sha1-fUQRv1FXM5M318/4ZNn/RfF3tJk=

"@types/parse-json@^4.0.0":
  version "4.0.0"
  resolved "https://registry.npm.taobao.org/@types/parse-json/download/@types/parse-json-4.0.0.tgz#2f8bb441434d163b35fb8ffdccd7138927ffb8c0"
  integrity sha1-L4u0QUNNFjs1+4/9zNcTiSf/uMA=

"@types/pug@^2.0.4":
  version "2.0.4"
  resolved "https://registry.npm.taobao.org/@types/pug/download/@types/pug-2.0.4.tgz#8772fcd0418e3cd2cc171555d73007415051f4b2"
  integrity sha1-h3L80EGOPNLMFxVV1zAHQVBR9LI=

"@types/resolve@1.17.1":
  version "1.17.1"
  resolved "https://registry.npm.taobao.org/@types/resolve/download/@types/resolve-1.17.1.tgz?cache=0&sync_timestamp=1596839188249&other_urls=https%3A%2F%2Fregistry.npm.taobao.org%2F%40types%2Fresolve%2Fdownload%2F%40types%2Fresolve-1.17.1.tgz#3afd6ad8967c77e4376c598a82ddd58f46ec45d6"
  integrity sha1-Ov1q2JZ8d+Q3bFmKgt3Vj0bsRdY=
  dependencies:
    "@types/node" "*"

"@types/sass@^1.16.0":
  version "1.16.0"
  resolved "https://registry.npm.taobao.org/@types/sass/download/@types/sass-1.16.0.tgz#b41ac1c17fa68ffb57d43e2360486ef526b3d57d"
  integrity sha1-tBrBwX+mj/tX1D4jYEhu9Saz1X0=
  dependencies:
    "@types/node" "*"

ansi-styles@^3.2.1:
  version "3.2.1"
  resolved "https://registry.npm.taobao.org/ansi-styles/download/ansi-styles-3.2.1.tgz#41fbb20243e50b12be0f04b8dedbf07520ce841d"
  integrity sha1-QfuyAkPlCxK+DwS43tvwdSDOhB0=
  dependencies:
    color-convert "^1.9.0"

ansi-styles@^4.1.0:
  version "4.2.1"
  resolved "https://registry.npm.taobao.org/ansi-styles/download/ansi-styles-4.2.1.tgz#90ae75c424d008d2624c5bf29ead3177ebfcf359"
  integrity sha1-kK51xCTQCNJiTFvynq0xd+v881k=
  dependencies:
    "@types/color-name" "^1.1.1"
    color-convert "^2.0.1"

anymatch@~3.1.1:
  version "3.1.1"
  resolved "https://registry.npm.taobao.org/anymatch/download/anymatch-3.1.1.tgz#c55ecf02185e2469259399310c173ce31233b142"
  integrity sha1-xV7PAhheJGklk5kxDBc84xIzsUI=
  dependencies:
    normalize-path "^3.0.0"
    picomatch "^2.0.4"

async-limiter@~1.0.0:
  version "1.0.1"
  resolved "https://registry.npm.taobao.org/async-limiter/download/async-limiter-1.0.1.tgz?cache=0&other_urls=https%3A%2F%2Fregistry.npm.taobao.org%2Fasync-limiter%2Fdownload%2Fasync-limiter-1.0.1.tgz#dd379e94f0db8310b08291f9d64c3209766617fd"
  integrity sha1-3TeelPDbgxCwgpH51kwyCXZmF/0=

balanced-match@^1.0.0:
  version "1.0.0"
  resolved "https://registry.npm.taobao.org/balanced-match/download/balanced-match-1.0.0.tgz#89b4d199ab2bee49de164ea02b89ce462d71b767"
  integrity sha1-ibTRmasr7kneFk6gK4nORi1xt2c=

binary-extensions@^2.0.0:
  version "2.1.0"
  resolved "https://registry.npm.taobao.org/binary-extensions/download/binary-extensions-2.1.0.tgz?cache=0&sync_timestamp=1593261283449&other_urls=https%3A%2F%2Fregistry.npm.taobao.org%2Fbinary-extensions%2Fdownload%2Fbinary-extensions-2.1.0.tgz#30fa40c9e7fe07dbc895678cd287024dea241dd9"
  integrity sha1-MPpAyef+B9vIlWeM0ocCTeokHdk=

brace-expansion@^1.1.7:
  version "1.1.11"
  resolved "https://registry.npm.taobao.org/brace-expansion/download/brace-expansion-1.1.11.tgz#3c7fcbf529d87226f3d2f52b966ff5271eb441dd"
  integrity sha1-PH/L9SnYcibz0vUrlm/1Jx60Qd0=
  dependencies:
    balanced-match "^1.0.0"
    concat-map "0.0.1"

braces@~3.0.2:
  version "3.0.2"
  resolved "https://registry.npm.taobao.org/braces/download/braces-3.0.2.tgz#3454e1a462ee8d599e236df336cd9ea4f8afe107"
  integrity sha1-NFThpGLujVmeI23zNs2epPiv4Qc=
  dependencies:
    fill-range "^7.0.1"

buffer-from@^1.0.0:
  version "1.1.1"
  resolved "https://registry.npm.taobao.org/buffer-from/download/buffer-from-1.1.1.tgz#32713bc028f75c02fdb710d7c7bcec1f2c6070ef"
  integrity sha1-MnE7wCj3XAL9txDXx7zsHyxgcO8=

builtin-modules@^3.1.0:
  version "3.1.0"
  resolved "https://registry.npm.taobao.org/builtin-modules/download/builtin-modules-3.1.0.tgz#aad97c15131eb76b65b50ef208e7584cd76a7484"
  integrity sha1-qtl8FRMet2tltQ7yCOdYTNdqdIQ=

callsites@^3.0.0:
  version "3.1.0"
  resolved "https://registry.npm.taobao.org/callsites/download/callsites-3.1.0.tgz#b3630abd8943432f54b3f0519238e33cd7df2f73"
  integrity sha1-s2MKvYlDQy9Us/BRkjjjPNffL3M=

chalk@^2.0.0:
  version "2.4.2"
  resolved "https://registry.npm.taobao.org/chalk/download/chalk-2.4.2.tgz#cd42541677a54333cf541a49108c1432b44c9424"
  integrity sha1-zUJUFnelQzPPVBpJEIwUMrRMlCQ=
  dependencies:
    ansi-styles "^3.2.1"
    escape-string-regexp "^1.0.5"
    supports-color "^5.3.0"

chalk@^4.0.0:
  version "4.1.0"
  resolved "https://registry.npm.taobao.org/chalk/download/chalk-4.1.0.tgz#4e14870a618d9e2edd97dd8345fd9d9dc315646a"
  integrity sha1-ThSHCmGNni7dl92DRf2dncMVZGo=
  dependencies:
    ansi-styles "^4.1.0"
    supports-color "^7.1.0"

"chokidar@>=2.0.0 <4.0.0", chokidar@^3.3.0, chokidar@^3.4.1:
  version "3.4.2"
  resolved "https://registry.npm.taobao.org/chokidar/download/chokidar-3.4.2.tgz?cache=0&sync_timestamp=1596729012834&other_urls=https%3A%2F%2Fregistry.npm.taobao.org%2Fchokidar%2Fdownload%2Fchokidar-3.4.2.tgz#38dc8e658dec3809741eb3ef7bb0a47fe424232d"
  integrity sha1-ONyOZY3sOAl0HrPve7Ckf+QkIy0=
  dependencies:
    anymatch "~3.1.1"
    braces "~3.0.2"
    glob-parent "~5.1.0"
    is-binary-path "~2.1.0"
    is-glob "~4.0.1"
    normalize-path "~3.0.0"
    readdirp "~3.4.0"
  optionalDependencies:
    fsevents "~2.1.2"

color-convert@^1.9.0:
  version "1.9.3"
  resolved "https://registry.npm.taobao.org/color-convert/download/color-convert-1.9.3.tgz#bb71850690e1f136567de629d2d5471deda4c1e8"
  integrity sha1-u3GFBpDh8TZWfeYp0tVHHe2kweg=
  dependencies:
    color-name "1.1.3"

color-convert@^2.0.1:
  version "2.0.1"
  resolved "https://registry.npm.taobao.org/color-convert/download/color-convert-2.0.1.tgz#72d3a68d598c9bdb3af2ad1e84f21d896abd4de3"
  integrity sha1-ctOmjVmMm9s68q0ehPIdiWq9TeM=
  dependencies:
    color-name "~1.1.4"

color-name@1.1.3:
  version "1.1.3"
  resolved "https://registry.npm.taobao.org/color-name/download/color-name-1.1.3.tgz#a7d0558bd89c42f795dd42328f740831ca53bc25"
  integrity sha1-p9BVi9icQveV3UIyj3QIMcpTvCU=

color-name@~1.1.4:
  version "1.1.4"
  resolved "https://registry.npm.taobao.org/color-name/download/color-name-1.1.4.tgz#c2a09a87acbde69543de6f63fa3995c826c536a2"
  integrity sha1-wqCah6y95pVD3m9j+jmVyCbFNqI=

commander@^2.20.0:
  version "2.20.3"
  resolved "https://registry.npm.taobao.org/commander/download/commander-2.20.3.tgz?cache=0&sync_timestamp=1595168173997&other_urls=https%3A%2F%2Fregistry.npm.taobao.org%2Fcommander%2Fdownload%2Fcommander-2.20.3.tgz#fd485e84c03eb4881c20722ba48035e8531aeb33"
  integrity sha1-/UhehMA+tIgcIHIrpIA16FMa6zM=

commander@^4.0.1:
  version "4.1.1"
  resolved "https://registry.yarnpkg.com/commander/-/commander-4.1.1.tgz#9fd602bd936294e9e9ef46a3f4d6964044b18068"
  integrity sha512-NOKm8xhkzAjzFx8B2v5OAHT+u5pRQc2UCa2Vq9jYL/31o2wi9mxBA7LIFs3sV5VSC49z6pEhfbMULvShKj26WA==

commondir@^1.0.1:
  version "1.0.1"
  resolved "https://registry.npm.taobao.org/commondir/download/commondir-1.0.1.tgz#ddd800da0c66127393cca5950ea968a3aaf1253b"
  integrity sha1-3dgA2gxmEnOTzKWVDqloo6rxJTs=

concat-map@0.0.1:
  version "0.0.1"
  resolved "https://registry.npm.taobao.org/concat-map/download/concat-map-0.0.1.tgz#d8a96bd77fd68df7793a73036a3ba0d5405d477b"
  integrity sha1-2Klr13/Wjfd5OnMDajug1UBdR3s=

console-clear@^1.1.0:
  version "1.1.1"
  resolved "https://registry.npm.taobao.org/console-clear/download/console-clear-1.1.1.tgz#995e20cbfbf14dd792b672cde387bd128d674bf7"
  integrity sha1-mV4gy/vxTdeStnLN44e9Eo1nS/c=

cosmiconfig@^6.0.0:
  version "6.0.0"
  resolved "https://registry.npm.taobao.org/cosmiconfig/download/cosmiconfig-6.0.0.tgz?cache=0&other_urls=https%3A%2F%2Fregistry.npm.taobao.org%2Fcosmiconfig%2Fdownload%2Fcosmiconfig-6.0.0.tgz#da4fee853c52f6b1e6935f41c1a2fc50bd4a9982"
  integrity sha1-2k/uhTxS9rHmk19BwaL8UL1KmYI=
  dependencies:
    "@types/parse-json" "^4.0.0"
    import-fresh "^3.1.0"
    parse-json "^5.0.0"
    path-type "^4.0.0"
    yaml "^1.7.2"

dedent-js@^1.0.1:
  version "1.0.1"
  resolved "https://registry.npm.taobao.org/dedent-js/download/dedent-js-1.0.1.tgz#bee5fb7c9e727d85dffa24590d10ec1ab1255305"
  integrity sha1-vuX7fJ5yfYXf+iRZDRDsGrElUwU=

deep-freeze@^0.0.1:
  version "0.0.1"
  resolved "https://registry.npm.taobao.org/deep-freeze/download/deep-freeze-0.0.1.tgz#3a0b0005de18672819dfd38cd31f91179c893e84"
  integrity sha1-OgsABd4YZygZ39OM0x+RF5yJPoQ=

deepmerge@^4.2.2:
  version "4.2.2"
  resolved "https://registry.npm.taobao.org/deepmerge/download/deepmerge-4.2.2.tgz#44d2ea3679b8f4d4ffba33f03d865fc1e7bf4955"
  integrity sha1-RNLqNnm49NT/ujPwPYZfwee/SVU=

detect-indent@^6.0.0:
  version "6.0.0"
  resolved "https://registry.npm.taobao.org/detect-indent/download/detect-indent-6.0.0.tgz#0abd0f549f69fc6659a254fe96786186b6f528fd"
  integrity sha1-Cr0PVJ9p/GZZolT+lnhhhrb1KP0=

error-ex@^1.3.1:
  version "1.3.2"
  resolved "https://registry.npm.taobao.org/error-ex/download/error-ex-1.3.2.tgz#b4ac40648107fdcdcfae242f428bea8a14d4f1bf"
  integrity sha1-tKxAZIEH/c3PriQvQovqihTU8b8=
  dependencies:
    is-arrayish "^0.2.1"

escape-string-regexp@^1.0.5:
  version "1.0.5"
  resolved "https://registry.npm.taobao.org/escape-string-regexp/download/escape-string-regexp-1.0.5.tgz?cache=0&sync_timestamp=1587627107924&other_urls=https%3A%2F%2Fregistry.npm.taobao.org%2Fescape-string-regexp%2Fdownload%2Fescape-string-regexp-1.0.5.tgz#1b61c0562190a8dff6ae3bb2cf0200ca130b86d4"
  integrity sha1-G2HAViGQqN/2rjuyzwIAyhMLhtQ=

estree-walker@^0.6.1:
  version "0.6.1"
  resolved "https://registry.npm.taobao.org/estree-walker/download/estree-walker-0.6.1.tgz#53049143f40c6eb918b23671d1fe3219f3a1b362"
  integrity sha1-UwSRQ/QMbrkYsjZx0f4yGfOhs2I=

estree-walker@^0.9.0:
  version "0.9.0"
  resolved "https://registry.yarnpkg.com/estree-walker/-/estree-walker-0.9.0.tgz#9116372f09c02fd88fcafb0c04343631012a0aa6"
  integrity sha512-12U47o7XHUX329+x3FzNVjCx3SHEzMF0nkDv7r/HnBzX/xNTKxajBk6gyygaxrAFtLj39219oMfbtxv4KpaOiA==

estree-walker@^1.0.1:
  version "1.0.1"
  resolved "https://registry.npm.taobao.org/estree-walker/download/estree-walker-1.0.1.tgz#31bc5d612c96b704106b477e6dd5d8aa138cb700"
  integrity sha1-MbxdYSyWtwQQa0d+bdXYqhOMtwA=

estree-walker@^2.0.1:
  version "2.0.1"
  resolved "https://registry.npm.taobao.org/estree-walker/download/estree-walker-2.0.1.tgz#f8e030fb21cefa183b44b7ad516b747434e7a3e0"
  integrity sha1-+OAw+yHO+hg7RLetUWt0dDTno+A=

fill-range@^7.0.1:
  version "7.0.1"
  resolved "https://registry.npm.taobao.org/fill-range/download/fill-range-7.0.1.tgz#1919a6a7c75fe38b2c7c77e5198535da9acdda40"
  integrity sha1-GRmmp8df44ssfHflGYU12prN2kA=
  dependencies:
    to-regex-range "^5.0.1"

fs.realpath@^1.0.0:
  version "1.0.0"
  resolved "https://registry.npm.taobao.org/fs.realpath/download/fs.realpath-1.0.0.tgz#1504ad2523158caa40db4a2787cb01411994ea4f"
  integrity sha1-FQStJSMVjKpA20onh8sBQRmU6k8=

fsevents@~2.1.2:
  version "2.1.3"
  resolved "https://registry.npm.taobao.org/fsevents/download/fsevents-2.1.3.tgz#fb738703ae8d2f9fe900c33836ddebee8b97f23e"
  integrity sha1-+3OHA66NL5/pAMM4Nt3r7ouX8j4=

get-port@^3.2.0:
  version "3.2.0"
  resolved "https://registry.npm.taobao.org/get-port/download/get-port-3.2.0.tgz#dd7ce7de187c06c8bf353796ac71e099f0980ebc"
  integrity sha1-3Xzn3hh8Bsi/NTeWrHHgmfCYDrw=

glob-parent@~5.1.0:
  version "5.1.1"
  resolved "https://registry.npm.taobao.org/glob-parent/download/glob-parent-5.1.1.tgz#b6c1ef417c4e5663ea498f1c45afac6916bbc229"
  integrity sha1-tsHvQXxOVmPqSY8cRa+saRa7wik=
  dependencies:
    is-glob "^4.0.1"

glob@^7.1.2, glob@^7.1.6:
  version "7.1.6"
  resolved "https://registry.npm.taobao.org/glob/download/glob-7.1.6.tgz#141f33b81a7c2492e125594307480c46679278a6"
  integrity sha1-FB8zuBp8JJLhJVlDB0gMRmeSeKY=
  dependencies:
    fs.realpath "^1.0.0"
    inflight "^1.0.4"
    inherits "2"
    minimatch "^3.0.4"
    once "^1.3.0"
    path-is-absolute "^1.0.0"

globalyzer@^0.1.0:
  version "0.1.4"
  resolved "https://registry.yarnpkg.com/globalyzer/-/globalyzer-0.1.4.tgz#bc8e273afe1ac7c24eea8def5b802340c5cc534f"
  integrity sha512-LeguVWaxgHN0MNbWC6YljNMzHkrCny9fzjmEUdnF1kQ7wATFD1RHFRqA1qxaX2tgxGENlcxjOflopBwj3YZiXA==

globrex@^0.1.1:
  version "0.1.2"
  resolved "https://registry.yarnpkg.com/globrex/-/globrex-0.1.2.tgz#dd5d9ec826232730cd6793a5e33a9302985e6098"
  integrity sha512-uHJgbwAMwNFf5mLst7IWLNg14x1CkeqglJb/K3doi4dw6q2IvAAmM/Y81kevy83wP+Sst+nutFTYOGg3d1lsxg==

has-flag@^3.0.0:
  version "3.0.0"
  resolved "https://registry.npm.taobao.org/has-flag/download/has-flag-3.0.0.tgz#b5d454dc2199ae225699f3467e5a07f3b955bafd"
  integrity sha1-tdRU3CGZriJWmfNGfloH87lVuv0=

has-flag@^4.0.0:
  version "4.0.0"
  resolved "https://registry.npm.taobao.org/has-flag/download/has-flag-4.0.0.tgz#944771fd9c81c81265c4d6941860da06bb59479b"
  integrity sha1-lEdx/ZyByBJlxNaUGGDaBrtZR5s=

import-fresh@^3.1.0:
  version "3.2.1"
  resolved "https://registry.npm.taobao.org/import-fresh/download/import-fresh-3.2.1.tgz#633ff618506e793af5ac91bf48b72677e15cbe66"
  integrity sha1-Yz/2GFBueTr1rJG/SLcmd+FcvmY=
  dependencies:
    parent-module "^1.0.0"
    resolve-from "^4.0.0"

inflight@^1.0.4:
  version "1.0.6"
  resolved "https://registry.npm.taobao.org/inflight/download/inflight-1.0.6.tgz#49bd6331d7d02d0c09bc910a1075ba8165b56df9"
  integrity sha1-Sb1jMdfQLQwJvJEKEHW6gWW1bfk=
  dependencies:
    once "^1.3.0"
    wrappy "1"

inherits@2:
  version "2.0.4"
  resolved "https://registry.npm.taobao.org/inherits/download/inherits-2.0.4.tgz#0fa2c64f932917c3433a0ded55363aae37416b7c"
  integrity sha1-D6LGT5MpF8NDOg3tVTY6rjdBa3w=

intl-format-cache@^4.2.21:
  version "4.3.1"
  resolved "https://registry.yarnpkg.com/intl-format-cache/-/intl-format-cache-4.3.1.tgz#484d31a9872161e6c02139349b259a6229ade377"
  integrity sha512-OEUYNA7D06agqPOYhbTkl0T8HA3QKSuwWh1HiClEnpd9vw7N+3XsQt5iZ0GUEchp5CW1fQk/tary+NsbF3yQ1Q==

intl-messageformat-parser@^3.6.4:
  version "3.6.4"
  resolved "https://registry.yarnpkg.com/intl-messageformat-parser/-/intl-messageformat-parser-3.6.4.tgz#5199d106d816c3dda26ee0694362a9cf823978fb"
  integrity sha512-RgPGwue0mJtoX2Ax8EmMzJzttxjnva7gx0Q7mKJ4oALrTZvtmCeAw5Msz2PcjW4dtCh/h7vN/8GJCxZO1uv+OA==
  dependencies:
    "@formatjs/intl-unified-numberformat" "^3.2.0"

intl-messageformat@^7.5.2:
  version "7.8.4"
  resolved "https://registry.yarnpkg.com/intl-messageformat/-/intl-messageformat-7.8.4.tgz#c29146a06b9cd26662978a4d95fff2b133e3642f"
  integrity sha512-yS0cLESCKCYjseCOGXuV4pxJm/buTfyCJ1nzQjryHmSehlptbZbn9fnlk1I9peLopZGGbjj46yHHiTAEZ1qOTA==
  dependencies:
    intl-format-cache "^4.2.21"
    intl-messageformat-parser "^3.6.4"

is-arrayish@^0.2.1:
  version "0.2.1"
  resolved "https://registry.npm.taobao.org/is-arrayish/download/is-arrayish-0.2.1.tgz#77c99840527aa8ecb1a8ba697b80645a7a926a9d"
  integrity sha1-d8mYQFJ6qOyxqLppe4BkWnqSap0=

is-binary-path@~2.1.0:
  version "2.1.0"
  resolved "https://registry.npm.taobao.org/is-binary-path/download/is-binary-path-2.1.0.tgz#ea1f7f3b80f064236e83470f86c09c254fb45b09"
  integrity sha1-6h9/O4DwZCNug0cPhsCcJU+0Wwk=
  dependencies:
    binary-extensions "^2.0.0"

is-extglob@^2.1.1:
  version "2.1.1"
  resolved "https://registry.npm.taobao.org/is-extglob/download/is-extglob-2.1.1.tgz#a88c02535791f02ed37c76a1b9ea9773c833f8c2"
  integrity sha1-qIwCU1eR8C7TfHahueqXc8gz+MI=

is-glob@^4.0.1, is-glob@~4.0.1:
  version "4.0.1"
  resolved "https://registry.npm.taobao.org/is-glob/download/is-glob-4.0.1.tgz#7567dbe9f2f5e2467bc77ab83c4a29482407a5dc"
  integrity sha1-dWfb6fL14kZ7x3q4PEopSCQHpdw=
  dependencies:
    is-extglob "^2.1.1"

is-module@^1.0.0:
  version "1.0.0"
  resolved "https://registry.npm.taobao.org/is-module/download/is-module-1.0.0.tgz#3258fb69f78c14d5b815d664336b4cffb6441591"
  integrity sha1-Mlj7afeMFNW4FdZkM2tM/7ZEFZE=

is-number@^7.0.0:
  version "7.0.0"
  resolved "https://registry.npm.taobao.org/is-number/download/is-number-7.0.0.tgz#7535345b896734d5f80c4d06c50955527a14f12b"
  integrity sha1-dTU0W4lnNNX4DE0GxQlVUnoU8Ss=

is-reference@^1.1.2:
  version "1.2.1"
  resolved "https://registry.npm.taobao.org/is-reference/download/is-reference-1.2.1.tgz#8b2dac0b371f4bc994fdeaba9eb542d03002d0b7"
  integrity sha1-iy2sCzcfS8mU/eq6nrVC0DAC0Lc=
  dependencies:
    "@types/estree" "*"

jest-worker@^26.0.0:
  version "26.3.0"
  resolved "https://registry.npm.taobao.org/jest-worker/download/jest-worker-26.3.0.tgz?cache=0&sync_timestamp=1597059133871&other_urls=https%3A%2F%2Fregistry.npm.taobao.org%2Fjest-worker%2Fdownload%2Fjest-worker-26.3.0.tgz#7c8a97e4f4364b4f05ed8bca8ca0c24de091871f"
  integrity sha1-fIqX5PQ2S08F7YvKjKDCTeCRhx8=
  dependencies:
    "@types/node" "*"
    merge-stream "^2.0.0"
    supports-color "^7.0.0"

js-tokens@^4.0.0:
  version "4.0.0"
  resolved "https://registry.npm.taobao.org/js-tokens/download/js-tokens-4.0.0.tgz#19203fb59991df98e3a287050d4647cdeaf32499"
  integrity sha1-GSA/tZmR35jjoocFDUZHzerzJJk=

json-parse-better-errors@^1.0.1:
  version "1.0.2"
  resolved "https://registry.npm.taobao.org/json-parse-better-errors/download/json-parse-better-errors-1.0.2.tgz#bb867cfb3450e69107c131d1c514bab3dc8bcaa9"
  integrity sha1-u4Z8+zRQ5pEHwTHRxRS6s9yLyqk=

jsonc-parser@^1.0.0:
  version "1.0.3"
  resolved "https://registry.npm.taobao.org/jsonc-parser/download/jsonc-parser-1.0.3.tgz#1d53d7160e401a783dbceabaad82473f80e6ad7e"
  integrity sha1-HVPXFg5AGng9vOq6rYJHP4DmrX4=

kleur@^3.0.0:
  version "3.0.3"
  resolved "https://registry.npm.taobao.org/kleur/download/kleur-3.0.3.tgz?cache=0&sync_timestamp=1597286145216&other_urls=https%3A%2F%2Fregistry.npm.taobao.org%2Fkleur%2Fdownload%2Fkleur-3.0.3.tgz#a79c9ecc86ee1ce3fa6206d1216c501f147fc07e"
  integrity sha1-p5yezIbuHOP6YgbRIWxQHxR/wH4=

lines-and-columns@^1.1.6:
  version "1.1.6"
  resolved "https://registry.npm.taobao.org/lines-and-columns/download/lines-and-columns-1.1.6.tgz#1c00c743b433cd0a4e80758f7b64a57440d9ff00"
  integrity sha1-HADHQ7QzzQpOgHWPe2SldEDZ/wA=

livereload-js@^3.1.0:
  version "3.2.4"
  resolved "https://registry.npm.taobao.org/livereload-js/download/livereload-js-3.2.4.tgz#21a05f8a7bd04c9531a7c63dfb6ff4b677d30f43"
  integrity sha1-IaBfinvQTJUxp8Y9+2/0tnfTD0M=

livereload@^0.9.1:
  version "0.9.1"
  resolved "https://registry.npm.taobao.org/livereload/download/livereload-0.9.1.tgz#65125dabdf2db4fd3f1169e953fe56e3bcc6f477"
  integrity sha1-ZRJdq98ttP0/EWnpU/5W47zG9Hc=
  dependencies:
    chokidar "^3.3.0"
    livereload-js "^3.1.0"
    opts ">= 1.2.0"
    ws "^6.2.1"

local-access@^1.0.1:
  version "1.0.1"
  resolved "https://registry.npm.taobao.org/local-access/download/local-access-1.0.1.tgz#5121258146d64e869046c642ea4f1dd39ff942bb"
  integrity sha1-USElgUbWToaQRsZC6k8d05/5Qrs=

lodash@^4.17.19:
  version "4.17.20"
  resolved "https://registry.npm.taobao.org/lodash/download/lodash-4.17.20.tgz?cache=0&sync_timestamp=1597336097104&other_urls=https%3A%2F%2Fregistry.npm.taobao.org%2Flodash%2Fdownload%2Flodash-4.17.20.tgz#b44a9b6297bcb698f1c51a3545a2b3b368d59c52"
  integrity sha1-tEqbYpe8tpjxxRo1RaKzs2jVnFI=

lower-case@^2.0.1:
  version "2.0.1"
  resolved "https://registry.npm.taobao.org/lower-case/download/lower-case-2.0.1.tgz?cache=0&sync_timestamp=1575601555695&other_urls=https%3A%2F%2Fregistry.npm.taobao.org%2Flower-case%2Fdownload%2Flower-case-2.0.1.tgz#39eeb36e396115cc05e29422eaea9e692c9408c7"
  integrity sha1-Oe6zbjlhFcwF4pQi6uqeaSyUCMc=
  dependencies:
    tslib "^1.10.0"

magic-string@^0.25.2, magic-string@^0.25.3:
  version "0.25.7"
  resolved "https://registry.npm.taobao.org/magic-string/download/magic-string-0.25.7.tgz?cache=0&sync_timestamp=1583500499850&other_urls=https%3A%2F%2Fregistry.npm.taobao.org%2Fmagic-string%2Fdownload%2Fmagic-string-0.25.7.tgz#3f497d6fd34c669c6798dcb821f2ef31f5445051"
  integrity sha1-P0l9b9NMZpxnmNy4IfLvMfVEUFE=
  dependencies:
    sourcemap-codec "^1.4.4"

merge-stream@^2.0.0:
  version "2.0.0"
  resolved "https://registry.npm.taobao.org/merge-stream/download/merge-stream-2.0.0.tgz#52823629a14dd00c9770fb6ad47dc6310f2c1f60"
  integrity sha1-UoI2KaFN0AyXcPtq1H3GMQ8sH2A=

mime@^2.3.1:
  version "2.4.6"
  resolved "https://registry.npm.taobao.org/mime/download/mime-2.4.6.tgz?cache=0&sync_timestamp=1590596728112&other_urls=https%3A%2F%2Fregistry.npm.taobao.org%2Fmime%2Fdownload%2Fmime-2.4.6.tgz#e5b407c90db442f2beb5b162373d07b69affa4d1"
  integrity sha1-5bQHyQ20QvK+tbFiNz0Htpr/pNE=

min-indent@^1.0.0:
  version "1.0.1"
  resolved "https://registry.npm.taobao.org/min-indent/download/min-indent-1.0.1.tgz#a63f681673b30571fbe8bc25686ae746eefa9869"
  integrity sha1-pj9oFnOzBXH76LwlaGrnRu76mGk=

minimatch@^3.0.4:
  version "3.0.4"
  resolved "https://registry.npm.taobao.org/minimatch/download/minimatch-3.0.4.tgz#5166e286457f03306064be5497e8dbb0c3d32083"
  integrity sha1-UWbihkV/AzBgZL5Ul+jbsMPTIIM=
  dependencies:
    brace-expansion "^1.1.7"

minimist@^1.2.5:
  version "1.2.5"
  resolved "https://registry.npm.taobao.org/minimist/download/minimist-1.2.5.tgz?cache=0&other_urls=https%3A%2F%2Fregistry.npm.taobao.org%2Fminimist%2Fdownload%2Fminimist-1.2.5.tgz#67d66014b66a6a8aaa0c083c5fd58df4e4e97602"
  integrity sha1-Z9ZgFLZqaoqqDAg8X9WN9OTpdgI=

mri@^1.1.0:
  version "1.1.6"
  resolved "https://registry.npm.taobao.org/mri/download/mri-1.1.6.tgz#49952e1044db21dbf90f6cd92bc9c9a777d415a6"
  integrity sha1-SZUuEETbIdv5D2zZK8nJp3fUFaY=

no-case@^3.0.3:
  version "3.0.3"
  resolved "https://registry.npm.taobao.org/no-case/download/no-case-3.0.3.tgz#c21b434c1ffe48b39087e86cfb4d2582e9df18f8"
  integrity sha1-whtDTB/+SLOQh+hs+00lgunfGPg=
  dependencies:
    lower-case "^2.0.1"
    tslib "^1.10.0"

normalize-path@^3.0.0, normalize-path@~3.0.0:
  version "3.0.0"
  resolved "https://registry.npm.taobao.org/normalize-path/download/normalize-path-3.0.0.tgz#0dcd69ff23a1c9b11fd0978316644a0388216a65"
  integrity sha1-Dc1p/yOhybEf0JeDFmRKA4ghamU=

once@^1.3.0:
  version "1.4.0"
  resolved "https://registry.npm.taobao.org/once/download/once-1.4.0.tgz#583b1aa775961d4b113ac17d9c50baef9dd76bd1"
  integrity sha1-WDsap3WWHUsROsF9nFC6753Xa9E=
  dependencies:
    wrappy "1"

"opts@>= 1.2.0":
  version "2.0.2"
  resolved "https://registry.npm.taobao.org/opts/download/opts-2.0.2.tgz#a17e189fbbfee171da559edd8a42423bc5993ce1"
  integrity sha1-oX4Yn7v+4XHaVZ7dikJCO8WZPOE=

parent-module@^1.0.0:
  version "1.0.1"
  resolved "https://registry.npm.taobao.org/parent-module/download/parent-module-1.0.1.tgz#691d2709e78c79fae3a156622452d00762caaaa2"
  integrity sha1-aR0nCeeMefrjoVZiJFLQB2LKqqI=
  dependencies:
    callsites "^3.0.0"

parse-json@^5.0.0:
  version "5.0.1"
  resolved "https://registry.npm.taobao.org/parse-json/download/parse-json-5.0.1.tgz?cache=0&sync_timestamp=1595834789940&other_urls=https%3A%2F%2Fregistry.npm.taobao.org%2Fparse-json%2Fdownload%2Fparse-json-5.0.1.tgz#7cfe35c1ccd641bce3981467e6c2ece61b3b3878"
  integrity sha1-fP41wczWQbzjmBRn5sLs5hs7OHg=
  dependencies:
    "@babel/code-frame" "^7.0.0"
    error-ex "^1.3.1"
    json-parse-better-errors "^1.0.1"
    lines-and-columns "^1.1.6"

pascal-case@^3.1.1:
  version "3.1.1"
  resolved "https://registry.npm.taobao.org/pascal-case/download/pascal-case-3.1.1.tgz#5ac1975133ed619281e88920973d2cd1f279de5f"
  integrity sha1-WsGXUTPtYZKB6Ikglz0s0fJ53l8=
  dependencies:
    no-case "^3.0.3"
    tslib "^1.10.0"

path-is-absolute@^1.0.0:
  version "1.0.1"
  resolved "https://registry.npm.taobao.org/path-is-absolute/download/path-is-absolute-1.0.1.tgz#174b9268735534ffbc7ace6bf53a5a9e1b5c5f5f"
  integrity sha1-F0uSaHNVNP+8es5r9TpanhtcX18=

path-parse@^1.0.6:
  version "1.0.6"
  resolved "https://registry.npm.taobao.org/path-parse/download/path-parse-1.0.6.tgz#d62dbb5679405d72c4737ec58600e9ddcf06d24c"
  integrity sha1-1i27VnlAXXLEc37FhgDp3c8G0kw=

path-type@^4.0.0:
  version "4.0.0"
  resolved "https://registry.npm.taobao.org/path-type/download/path-type-4.0.0.tgz#84ed01c0a7ba380afe09d90a8c180dcd9d03043b"
  integrity sha1-hO0BwKe6OAr+CdkKjBgNzZ0DBDs=

picomatch@^2.0.4, picomatch@^2.2.1, picomatch@^2.2.2:
  version "2.2.2"
  resolved "https://registry.npm.taobao.org/picomatch/download/picomatch-2.2.2.tgz?cache=0&other_urls=https%3A%2F%2Fregistry.npm.taobao.org%2Fpicomatch%2Fdownload%2Fpicomatch-2.2.2.tgz#21f333e9b6b8eaff02468f5146ea406d345f4dad"
  integrity sha1-IfMz6ba46v8CRo9RRupAbTRfTa0=

prettier-plugin-svelte@1.1.0, prettier-plugin-svelte@^1.1.0:
  version "1.1.0"
  resolved "https://registry.npm.taobao.org/prettier-plugin-svelte/download/prettier-plugin-svelte-1.1.0.tgz#e6ec282d8457598b0c02164083b11ad8cb8ab304"
  integrity sha1-5uwoLYRXWYsMAhZAg7Ea2MuKswQ=

prettier@2.0.5, prettier@^2.0.5:
  version "2.0.5"
  resolved "https://registry.npm.taobao.org/prettier/download/prettier-2.0.5.tgz?cache=0&sync_timestamp=1587488858835&other_urls=https%3A%2F%2Fregistry.npm.taobao.org%2Fprettier%2Fdownload%2Fprettier-2.0.5.tgz#d6d56282455243f2f92cc1716692c08aa31522d4"
  integrity sha1-1tVigkVSQ/L5LMFxZpLAiqMVItQ=

randombytes@^2.1.0:
  version "2.1.0"
  resolved "https://registry.npm.taobao.org/randombytes/download/randombytes-2.1.0.tgz?cache=0&other_urls=https%3A%2F%2Fregistry.npm.taobao.org%2Frandombytes%2Fdownload%2Frandombytes-2.1.0.tgz#df6f84372f0270dc65cdf6291349ab7a473d4f2a"
  integrity sha1-32+ENy8CcNxlzfYpE0mrekc9Tyo=
  dependencies:
    safe-buffer "^5.1.0"

readdirp@~3.4.0:
  version "3.4.0"
  resolved "https://registry.npm.taobao.org/readdirp/download/readdirp-3.4.0.tgz#9fdccdf9e9155805449221ac645e8303ab5b9ada"
  integrity sha1-n9zN+ekVWAVEkiGsZF6DA6tbmto=
  dependencies:
    picomatch "^2.2.1"

require-relative@^0.8.7:
  version "0.8.7"
  resolved "https://registry.npm.taobao.org/require-relative/download/require-relative-0.8.7.tgz#7999539fc9e047a37928fa196f8e1563dabd36de"
  integrity sha1-eZlTn8ngR6N5KPoZb44VY9q9Nt4=

resolve-from@^4.0.0:
  version "4.0.0"
  resolved "https://registry.npm.taobao.org/resolve-from/download/resolve-from-4.0.0.tgz#4abcd852ad32dd7baabfe9b40e00a36db5f392e6"
  integrity sha1-SrzYUq0y3Xuqv+m0DgCjbbXzkuY=

resolve@^1.11.0, resolve@^1.14.1, resolve@^1.17.0:
  version "1.17.0"
  resolved "https://registry.npm.taobao.org/resolve/download/resolve-1.17.0.tgz#b25941b54968231cc2d1bb76a79cb7f2c0bf8444"
  integrity sha1-sllBtUloIxzC0bt2p5y38sC/hEQ=
  dependencies:
    path-parse "^1.0.6"

rollup-plugin-livereload@^1.0.0:
  version "1.3.0"
  resolved "https://registry.npm.taobao.org/rollup-plugin-livereload/download/rollup-plugin-livereload-1.3.0.tgz#8da90df13df6502b9d982997d6ac871092f15fdd"
  integrity sha1-jakN8T32UCudmCmX1qyHEJLxX90=
  dependencies:
    livereload "^0.9.1"

rollup-plugin-svelte@^5.0.3:
  version "5.2.3"
  resolved "https://registry.npm.taobao.org/rollup-plugin-svelte/download/rollup-plugin-svelte-5.2.3.tgz#efdc15e3e3fdd9b9f1100fdc14a8532b4e587bc8"
  integrity sha1-79wV4+P92bnxEA/cFKhTK05Ye8g=
  dependencies:
    require-relative "^0.8.7"
    rollup-pluginutils "^2.8.2"
    sourcemap-codec "^1.4.8"

rollup-plugin-terser@^6.0.0:
  version "6.1.0"
  resolved "https://registry.npm.taobao.org/rollup-plugin-terser/download/rollup-plugin-terser-6.1.0.tgz#071866585aea104bfbb9dd1019ac523e63c81e45"
  integrity sha1-BxhmWFrqEEv7ud0QGaxSPmPIHkU=
  dependencies:
    "@babel/code-frame" "^7.8.3"
    jest-worker "^26.0.0"
    serialize-javascript "^3.0.0"
    terser "^4.7.0"

rollup-pluginutils@^2.8.2:
  version "2.8.2"
  resolved "https://registry.npm.taobao.org/rollup-pluginutils/download/rollup-pluginutils-2.8.2.tgz#72f2af0748b592364dbd3389e600e5a9444a351e"
  integrity sha1-cvKvB0i1kjZNvTOJ5gDlqURKNR4=
  dependencies:
    estree-walker "^0.6.1"

rollup@^2.3.4:
  version "2.26.3"
  resolved "https://registry.npm.taobao.org/rollup/download/rollup-2.26.3.tgz?cache=0&sync_timestamp=1597611309685&other_urls=https%3A%2F%2Fregistry.npm.taobao.org%2Frollup%2Fdownload%2Frollup-2.26.3.tgz#502c755872a4590937cfa4e8f7eb99d3bc3c4025"
  integrity sha1-UCx1WHKkWQk3z6To9+uZ07w8QCU=
  optionalDependencies:
    fsevents "~2.1.2"

sade@^1.6.0:
  version "1.7.3"
  resolved "https://registry.npm.taobao.org/sade/download/sade-1.7.3.tgz#a217ccc4fb4abb2d271648bf48f6628b2636fa1b"
  integrity sha1-ohfMxPtKuy0nFki/SPZiiyY2+hs=
  dependencies:
    mri "^1.1.0"

safe-buffer@^5.1.0:
  version "5.2.1"
  resolved "https://registry.npm.taobao.org/safe-buffer/download/safe-buffer-5.2.1.tgz?cache=0&other_urls=https%3A%2F%2Fregistry.npm.taobao.org%2Fsafe-buffer%2Fdownload%2Fsafe-buffer-5.2.1.tgz#1eaf9fa9bdb1fdd4ec75f58f9cdb4e6b7827eec6"
  integrity sha1-Hq+fqb2x/dTsdfWPnNtOa3gn7sY=

sass@^1.26.10:
  version "1.26.10"
  resolved "https://registry.npm.taobao.org/sass/download/sass-1.26.10.tgz#851d126021cdc93decbf201d1eca2a20ee434760"
  integrity sha1-hR0SYCHNyT3svyAdHsoqIO5DR2A=
  dependencies:
    chokidar ">=2.0.0 <4.0.0"

semiver@^1.0.0:
  version "1.1.0"
  resolved "https://registry.npm.taobao.org/semiver/download/semiver-1.1.0.tgz#9c97fb02c21c7ce4fcf1b73e2c7a24324bdddd5f"
  integrity sha1-nJf7AsIcfOT88bc+LHokMkvd3V8=

serialize-javascript@^3.0.0:
  version "3.1.0"
  resolved "https://registry.npm.taobao.org/serialize-javascript/download/serialize-javascript-3.1.0.tgz?cache=0&sync_timestamp=1591622032410&other_urls=https%3A%2F%2Fregistry.npm.taobao.org%2Fserialize-javascript%2Fdownload%2Fserialize-javascript-3.1.0.tgz#8bf3a9170712664ef2561b44b691eafe399214ea"
  integrity sha1-i/OpFwcSZk7yVhtEtpHq/jmSFOo=
  dependencies:
    randombytes "^2.1.0"

sirv-cli@^1.0.0:
  version "1.0.6"
  resolved "https://registry.npm.taobao.org/sirv-cli/download/sirv-cli-1.0.6.tgz#a4924254d965b23a518512f70010e710185de2f1"
  integrity sha1-pJJCVNllsjpRhRL3ABDnEBhd4vE=
  dependencies:
    console-clear "^1.1.0"
    get-port "^3.2.0"
    kleur "^3.0.0"
    local-access "^1.0.1"
    sade "^1.6.0"
    semiver "^1.0.0"
    sirv "^1.0.6"
    tinydate "^1.0.0"

sirv@^1.0.6:
  version "1.0.6"
  resolved "https://registry.npm.taobao.org/sirv/download/sirv-1.0.6.tgz#178c13bffccc0dea715a0e50894cf3a6c74a715e"
  integrity sha1-F4wTv/zMDepxWg5QiUzzpsdKcV4=
  dependencies:
    "@polka/url" "^1.0.0-next.9"
    mime "^2.3.1"
    totalist "^1.0.0"

source-map-support@~0.5.12:
  version "0.5.19"
  resolved "https://registry.npm.taobao.org/source-map-support/download/source-map-support-0.5.19.tgz#a98b62f86dcaf4f67399648c085291ab9e8fed61"
  integrity sha1-qYti+G3K9PZzmWSMCFKRq56P7WE=
  dependencies:
    buffer-from "^1.0.0"
    source-map "^0.6.0"

source-map@^0.6.0, source-map@~0.6.1:
  version "0.6.1"
  resolved "https://registry.npm.taobao.org/source-map/download/source-map-0.6.1.tgz#74722af32e9614e9c287a8d0bbde48b5e2f1a263"
  integrity sha1-dHIq8y6WFOnCh6jQu95IteLxomM=

source-map@^0.7.3:
  version "0.7.3"
  resolved "https://registry.npm.taobao.org/source-map/download/source-map-0.7.3.tgz#5302f8169031735226544092e64981f751750383"
  integrity sha1-UwL4FpAxc1ImVECS5kmB91F1A4M=

sourcemap-codec@^1.4.4, sourcemap-codec@^1.4.8:
  version "1.4.8"
  resolved "https://registry.npm.taobao.org/sourcemap-codec/download/sourcemap-codec-1.4.8.tgz#ea804bd94857402e6992d05a38ef1ae35a9ab4c4"
  integrity sha1-6oBL2UhXQC5pktBaOO8a41qatMQ=

strip-indent@^3.0.0:
  version "3.0.0"
  resolved "https://registry.npm.taobao.org/strip-indent/download/strip-indent-3.0.0.tgz#c32e1cee940b6b3432c771bc2c54bcce73cd3001"
  integrity sha1-wy4c7pQLazQyx3G8LFS8znPNMAE=
  dependencies:
    min-indent "^1.0.0"

supports-color@^5.3.0:
  version "5.5.0"
  resolved "https://registry.npm.taobao.org/supports-color/download/supports-color-5.5.0.tgz#e2e69a44ac8772f78a1ec0b35b689df6530efc8f"
  integrity sha1-4uaaRKyHcveKHsCzW2id9lMO/I8=
  dependencies:
    has-flag "^3.0.0"

supports-color@^7.0.0, supports-color@^7.1.0:
  version "7.1.0"
  resolved "https://registry.npm.taobao.org/supports-color/download/supports-color-7.1.0.tgz#68e32591df73e25ad1c4b49108a2ec507962bfd1"
  integrity sha1-aOMlkd9z4lrRxLSRCKLsUHliv9E=
  dependencies:
    has-flag "^4.0.0"

svelte-check@^1.0.0:
  version "1.0.19"
  resolved "https://registry.npm.taobao.org/svelte-check/download/svelte-check-1.0.19.tgz#0aed047e623f0e5e930471bdada1ba960a9fbd29"
  integrity sha1-Cu0EfmI/Dl6TBHG9raG6lgqfvSk=
  dependencies:
    chalk "^4.0.0"
    chokidar "^3.4.1"
    glob "^7.1.6"
    minimist "^1.2.5"
    svelte-language-server "*"
    vscode-languageserver "6.1.1"
    vscode-languageserver-protocol "3.15.3"
    vscode-languageserver-types "3.15.1"
    vscode-uri "2.1.1"

svelte-i18n@^3.0.4:
  version "3.0.4"
  resolved "https://registry.yarnpkg.com/svelte-i18n/-/svelte-i18n-3.0.4.tgz#457444904db201d9569648a87af1f09fa3ab4b03"
  integrity sha512-qgRVjVmQ35wJtn0O6y0zpKo+Jagd8BTMUm5+to6yzIDAkzHPoINu0KUgJlff4QzXRcHsYodnj9qzKIZMtCfqfw==
  dependencies:
    commander "^4.0.1"
    estree-walker "^0.9.0"
    intl-messageformat "^7.5.2"
    tiny-glob "^0.2.6"

svelte-language-server@*:
  version "0.10.98"
  resolved "https://registry.npm.taobao.org/svelte-language-server/download/svelte-language-server-0.10.98.tgz#87db684c768f939bf0bfb9665eea173981b40be4"
  integrity sha1-h9toTHaPk5vwv7lmXuoXOYG0C+Q=
  dependencies:
    cosmiconfig "^6.0.0"
    estree-walker "^2.0.1"
    lodash "^4.17.19"
    magic-string "^0.25.3"
    prettier "2.0.5"
    prettier-plugin-svelte "1.1.0"
    source-map "^0.7.3"
    svelte "3.24.0"
    svelte-preprocess "~3.9.11"
    svelte2tsx "*"
    typescript "*"
    vscode-css-languageservice "4.1.0"
    vscode-emmet-helper "1.2.17"
    vscode-html-languageservice "3.0.4-next.15"
    vscode-languageserver "6.1.1"
    vscode-languageserver-types "3.15.1"
    vscode-uri "2.1.1"

svelte-preprocess@^4.0.12:
  version "4.0.12"
  resolved "https://registry.npm.taobao.org/svelte-preprocess/download/svelte-preprocess-4.0.12.tgz#39d1d179258288f496ac06e3db7afcd94d17b4d2"
  integrity sha1-OdHReSWCiPSWrAbj23r82U0XtNI=
  dependencies:
    "@types/pug" "^2.0.4"
    "@types/sass" "^1.16.0"
    detect-indent "^6.0.0"
    strip-indent "^3.0.0"

svelte-preprocess@~3.9.11:
  version "3.9.12"
  resolved "https://registry.npm.taobao.org/svelte-preprocess/download/svelte-preprocess-3.9.12.tgz#21e8452e45c6a4d89df37a38714af4a0186df3a1"
  integrity sha1-IehFLkXGpNid83o4cUr0oBht86E=
  dependencies:
    "@types/pug" "^2.0.4"
    "@types/sass" "^1.16.0"
    detect-indent "^6.0.0"
    strip-indent "^3.0.0"

svelte2tsx@*:
  version "0.1.85"
  resolved "https://registry.npm.taobao.org/svelte2tsx/download/svelte2tsx-0.1.85.tgz#12052c3792c16d5799930ac3e46f48a88351ce90"
  integrity sha1-EgUsN5LBbVeZkwrD5G9IqINRzpA=
  dependencies:
    dedent-js "^1.0.1"
    pascal-case "^3.1.1"

svelte@3.24.0:
  version "3.24.0"
  resolved "https://registry.npm.taobao.org/svelte/download/svelte-3.24.0.tgz#6565a42c9705796fa66c6abb4fedc09f4323a4a8"
  integrity sha1-ZWWkLJcFeW+mbGq7T+3An0MjpKg=

svelte@^3.0.0:
  version "3.24.1"
  resolved "https://registry.npm.taobao.org/svelte/download/svelte-3.24.1.tgz#aca364937dd1df27fe131e2a4c234acb6061db4b"
  integrity sha1-rKNkk33R3yf+Ex4qTCNKy2Bh20s=

terser@^4.7.0:
  version "4.8.0"
  resolved "https://registry.npm.taobao.org/terser/download/terser-4.8.0.tgz?cache=0&sync_timestamp=1597410554168&other_urls=https%3A%2F%2Fregistry.npm.taobao.org%2Fterser%2Fdownload%2Fterser-4.8.0.tgz#63056343d7c70bb29f3af665865a46fe03a0df17"
  integrity sha1-YwVjQ9fHC7KfOvZlhlpG/gOg3xc=
  dependencies:
    commander "^2.20.0"
    source-map "~0.6.1"
    source-map-support "~0.5.12"

tiny-glob@^0.2.6:
  version "0.2.6"
  resolved "https://registry.yarnpkg.com/tiny-glob/-/tiny-glob-0.2.6.tgz#9e056e169d9788fe8a734dfa1ff02e9b92ed7eda"
  integrity sha512-A7ewMqPu1B5PWwC3m7KVgAu96Ch5LA0w4SnEN/LbDREj/gAD0nPWboRbn8YoP9ISZXqeNAlMvKSKoEuhcfK3Pw==
  dependencies:
    globalyzer "^0.1.0"
    globrex "^0.1.1"

tinydate@^1.0.0:
  version "1.3.0"
  resolved "https://registry.npm.taobao.org/tinydate/download/tinydate-1.3.0.tgz#e6ca8e5a22b51bb4ea1c3a2a4fd1352dbd4c57fb"
  integrity sha1-5sqOWiK1G7TqHDoqT9E1Lb1MV/s=

to-regex-range@^5.0.1:
  version "5.0.1"
  resolved "https://registry.npm.taobao.org/to-regex-range/download/to-regex-range-5.0.1.tgz#1648c44aae7c8d988a326018ed72f5b4dd0392e4"
  integrity sha1-FkjESq58jZiKMmAY7XL1tN0DkuQ=
  dependencies:
    is-number "^7.0.0"

totalist@^1.0.0:
  version "1.1.0"
  resolved "https://registry.npm.taobao.org/totalist/download/totalist-1.1.0.tgz#a4d65a3e546517701e3e5c37a47a70ac97fe56df"
  integrity sha1-pNZaPlRlF3AePlw3pHpwrJf+Vt8=

tslib@^1.10.0:
  version "1.13.0"
  resolved "https://registry.npm.taobao.org/tslib/download/tslib-1.13.0.tgz?cache=0&sync_timestamp=1596751904317&other_urls=https%3A%2F%2Fregistry.npm.taobao.org%2Ftslib%2Fdownload%2Ftslib-1.13.0.tgz#c881e13cc7015894ed914862d276436fa9a47043"
  integrity sha1-yIHhPMcBWJTtkUhi0nZDb6mkcEM=

tslib@^2.0.0:
  version "2.0.1"
  resolved "https://registry.npm.taobao.org/tslib/download/tslib-2.0.1.tgz?cache=0&sync_timestamp=1596751904317&other_urls=https%3A%2F%2Fregistry.npm.taobao.org%2Ftslib%2Fdownload%2Ftslib-2.0.1.tgz#410eb0d113e5b6356490eec749603725b021b43e"
  integrity sha1-QQ6w0RPltjVkkO7HSWA3JbAhtD4=

typescript@*, typescript@^3.9.3:
  version "3.9.7"
  resolved "https://registry.npm.taobao.org/typescript/download/typescript-3.9.7.tgz#98d600a5ebdc38f40cb277522f12dc800e9e25fa"
  integrity sha1-mNYApevcOPQMsndSLxLcgA6eJfo=

vscode-css-languageservice@4.1.0:
  version "4.1.0"
  resolved "https://registry.npm.taobao.org/vscode-css-languageservice/download/vscode-css-languageservice-4.1.0.tgz#144c8274e0bf1719fa6f773ca684bd1c7ffd634f"
  integrity sha1-FEyCdOC/Fxn6b3c8poS9HH/9Y08=
  dependencies:
    vscode-languageserver-textdocument "^1.0.1"
    vscode-languageserver-types "^3.15.1"
    vscode-nls "^4.1.1"
    vscode-uri "^2.1.1"

vscode-emmet-helper@1.2.17:
  version "1.2.17"
  resolved "https://registry.npm.taobao.org/vscode-emmet-helper/download/vscode-emmet-helper-1.2.17.tgz#f0c6bfcebc4285d081fb2618e6e5b9a08c567afa"
  integrity sha1-8Ma/zrxChdCB+yYY5uW5oIxWevo=
  dependencies:
    "@emmetio/extract-abbreviation" "0.1.6"
    jsonc-parser "^1.0.0"
    vscode-languageserver-types "^3.6.0-next.1"

vscode-html-languageservice@3.0.4-next.15:
  version "3.0.4-next.15"
  resolved "https://registry.npm.taobao.org/vscode-html-languageservice/download/vscode-html-languageservice-3.0.4-next.15.tgz#7214ccd9b4a06cf138b5945d9fd88285a0add490"
  integrity sha1-chTM2bSgbPE4tZRdn9iChaCt1JA=
  dependencies:
    vscode-languageserver-textdocument "^1.0.1-next.1"
    vscode-languageserver-types "^3.15.1"
    vscode-nls "^4.1.1"
    vscode-uri "^2.1.1"

vscode-jsonrpc@^5.0.1:
  version "5.0.1"
  resolved "https://registry.npm.taobao.org/vscode-jsonrpc/download/vscode-jsonrpc-5.0.1.tgz?cache=0&sync_timestamp=1596005138405&other_urls=https%3A%2F%2Fregistry.npm.taobao.org%2Fvscode-jsonrpc%2Fdownload%2Fvscode-jsonrpc-5.0.1.tgz#9bab9c330d89f43fc8c1e8702b5c36e058a01794"
  integrity sha1-m6ucMw2J9D/IwehwK1w24FigF5Q=

vscode-languageserver-protocol@3.15.3, vscode-languageserver-protocol@^3.15.3:
  version "3.15.3"
  resolved "https://registry.npm.taobao.org/vscode-languageserver-protocol/download/vscode-languageserver-protocol-3.15.3.tgz?cache=0&sync_timestamp=1596005138627&other_urls=https%3A%2F%2Fregistry.npm.taobao.org%2Fvscode-languageserver-protocol%2Fdownload%2Fvscode-languageserver-protocol-3.15.3.tgz#3fa9a0702d742cf7883cb6182a6212fcd0a1d8bb"
  integrity sha1-P6mgcC10LPeIPLYYKmIS/NCh2Ls=
  dependencies:
    vscode-jsonrpc "^5.0.1"
    vscode-languageserver-types "3.15.1"

vscode-languageserver-textdocument@^1.0.1, vscode-languageserver-textdocument@^1.0.1-next.1:
  version "1.0.1"
  resolved "https://registry.npm.taobao.org/vscode-languageserver-textdocument/download/vscode-languageserver-textdocument-1.0.1.tgz#178168e87efad6171b372add1dea34f53e5d330f"
  integrity sha1-F4Fo6H761hcbNyrdHeo09T5dMw8=

vscode-languageserver-types@3.15.1, vscode-languageserver-types@^3.15.1, vscode-languageserver-types@^3.6.0-next.1:
  version "3.15.1"
  resolved "https://registry.npm.taobao.org/vscode-languageserver-types/download/vscode-languageserver-types-3.15.1.tgz?cache=0&sync_timestamp=1596005139376&other_urls=https%3A%2F%2Fregistry.npm.taobao.org%2Fvscode-languageserver-types%2Fdownload%2Fvscode-languageserver-types-3.15.1.tgz#17be71d78d2f6236d414f0001ce1ef4d23e6b6de"
  integrity sha1-F75x140vYjbUFPAAHOHvTSPmtt4=

vscode-languageserver@6.1.1:
  version "6.1.1"
  resolved "https://registry.npm.taobao.org/vscode-languageserver/download/vscode-languageserver-6.1.1.tgz?cache=0&sync_timestamp=1596001765060&other_urls=https%3A%2F%2Fregistry.npm.taobao.org%2Fvscode-languageserver%2Fdownload%2Fvscode-languageserver-6.1.1.tgz#d76afc68172c27d4327ee74332b468fbc740d762"
  integrity sha1-12r8aBcsJ9QyfudDMrRo+8dA12I=
  dependencies:
    vscode-languageserver-protocol "^3.15.3"

vscode-nls@^4.1.1:
  version "4.1.2"
  resolved "https://registry.npm.taobao.org/vscode-nls/download/vscode-nls-4.1.2.tgz#ca8bf8bb82a0987b32801f9fddfdd2fb9fd3c167"
  integrity sha1-yov4u4KgmHsygB+f3f3S+5/TwWc=

vscode-uri@2.1.1:
  version "2.1.1"
  resolved "https://registry.npm.taobao.org/vscode-uri/download/vscode-uri-2.1.1.tgz#5aa1803391b6ebdd17d047f51365cf62c38f6e90"
  integrity sha1-WqGAM5G2690X0Ef1E2XPYsOPbpA=

vscode-uri@^2.1.1:
  version "2.1.2"
  resolved "https://registry.npm.taobao.org/vscode-uri/download/vscode-uri-2.1.2.tgz#c8d40de93eb57af31f3c715dd650e2ca2c096f1c"
  integrity sha1-yNQN6T61evMfPHFd1lDiyiwJbxw=

wrappy@1:
  version "1.0.2"
  resolved "https://registry.npm.taobao.org/wrappy/download/wrappy-1.0.2.tgz#b5243d8f3ec1aa35f1364605bc0d1036e30ab69f"
  integrity sha1-tSQ9jz7BqjXxNkYFvA0QNuMKtp8=

ws@^6.2.1:
  version "6.2.1"
  resolved "https://registry.npm.taobao.org/ws/download/ws-6.2.1.tgz?cache=0&sync_timestamp=1593925481882&other_urls=https%3A%2F%2Fregistry.npm.taobao.org%2Fws%2Fdownload%2Fws-6.2.1.tgz#442fdf0a47ed64f59b6a5d8ff130f4748ed524fb"
  integrity sha1-RC/fCkftZPWbal2P8TD0dI7VJPs=
  dependencies:
    async-limiter "~1.0.0"

yaml@^1.7.2:
  version "1.10.0"
  resolved "https://registry.npm.taobao.org/yaml/download/yaml-1.10.0.tgz?cache=0&other_urls=https%3A%2F%2Fregistry.npm.taobao.org%2Fyaml%2Fdownload%2Fyaml-1.10.0.tgz#3b593add944876077d4d683fee01081bd9fff31e"
  integrity sha1-O1k63ZRIdgd9TWg/7gEIG9n/8x4=
